
Microsoft Visual Studio Solution File, Format Version 12.00
# Visual Studio 15
VisualStudioVersion = 15.0.27703.2026
MinimumVisualStudioVersion = 10.0.40219.1
Project("{2150E333-8FDC-42A3-9474-1A3956D46DE8}") = "Solution Items", "Solution Items", "{FBFF2E05-80E9-49B6-BBD5-FB157FA4BE36}"
	ProjectSection(SolutionItems) = preProject
		Index.txt = Index.txt
	EndProjectSection
EndProject
Project("{2150E333-8FDC-42A3-9474-1A3956D46DE8}") = "Basic", "Basic", "{3C0EDA49-7B5A-4F3A-84B8-E4AA41E951E6}"
EndProject
Project("{FAE04EC0-301F-11D3-BF4B-00C04F79EFBC}") = "Introduction", "Basic\Introduction\Introduction.csproj", "{075ADA43-4892-4B0E-B045-44EDC9964762}"
EndProject
Project("{FAE04EC0-301F-11D3-BF4B-00C04F79EFBC}") = "Performance", "Basic\Performance\Performance.csproj", "{8B9D5D69-02C3-479C-BEAF-C0E6DAFBEFB1}"
EndProject
Project("{2150E333-8FDC-42A3-9474-1A3956D46DE8}") = "Constraints", "Constraints", "{69C609A2-77E7-4B07-B02D-685749B999EF}"
EndProject
Project("{2150E333-8FDC-42A3-9474-1A3956D46DE8}") = "Reflection", "Reflection", "{8268DD8D-AB55-4EEF-8745-6B88AEB6592C}"
EndProject
Project("{2150E333-8FDC-42A3-9474-1A3956D46DE8}") = "Variance", "Variance", "{141E0F2A-D30F-455E-A518-46D59562C04E}"
EndProject
Project("{FAE04EC0-301F-11D3-BF4B-00C04F79EFBC}") = "Covariance", "Variance\Covariance\Covariance.csproj", "{4862F6A0-ECC6-4E8E-8613-173769DA1FAE}"
EndProject
Project("{FAE04EC0-301F-11D3-BF4B-00C04F79EFBC}") = "Contravariance", "Variance\Contravariance\Contravariance.csproj", "{52C75841-3690-470B-9EC7-BFEFD6F736EB}"
EndProject
Project("{FAE04EC0-301F-11D3-BF4B-00C04F79EFBC}") = "DefaultValue.Expression", "Basic\DefaultValue.Expression\DefaultValue.Expression.csproj", "{E3D03080-1000-42D5-ADF3-208EBB8D5388}"
EndProject
Project("{FAE04EC0-301F-11D3-BF4B-00C04F79EFBC}") = "Generic.Delegates", "Basic\Generic.Delegates\Generic.Delegates.csproj", "{494F1C17-0F89-41BC-91A5-A776AF2F5F63}"
EndProject
Project("{FAE04EC0-301F-11D3-BF4B-00C04F79EFBC}") = "Generic.Method", "Basic\Generic.Method\Generic.Method.csproj", "{830E8912-DCF8-434D-BF40-7E658D39A687}"
EndProject
Project("{FAE04EC0-301F-11D3-BF4B-00C04F79EFBC}") = "Generic.Type", "Basic\Generic.Type\Generic.Type.csproj", "{A548A5F0-0AB2-49E5-AB78-93841205BA49}"
EndProject
Project("{FAE04EC0-301F-11D3-BF4B-00C04F79EFBC}") = "Generic.Type.Overload", "Basic\Generic.Type.Overload\Generic.Type.Overload.csproj", "{18339A6A-5779-43A8-8340-AABF0A36B1BB}"
EndProject
Project("{FAE04EC0-301F-11D3-BF4B-00C04F79EFBC}") = "Generic.Type.With.Static.Fields", "Basic\Generic.Type.With.Static.Fields\Generic.Type.With.Static.Fields.csproj", "{C9A96138-4256-441E-9304-6AAED2973B96}"
EndProject
Project("{FAE04EC0-301F-11D3-BF4B-00C04F79EFBC}") = "Constructor.Type.Constraints", "Constraints\Constructor.Type.Constraints\Constructor.Type.Constraints.csproj", "{57445061-F00C-4748-864E-62D8763FF6D7}"
EndProject
Project("{FAE04EC0-301F-11D3-BF4B-00C04F79EFBC}") = "Conversion.Type.Constraints", "Constraints\Conversion.Type.Constraints\Conversion.Type.Constraints.csproj", "{66C0CF92-D8E3-4268-B7F0-80CC9835E156}"
EndProject
Project("{FAE04EC0-301F-11D3-BF4B-00C04F79EFBC}") = "Reference.Type.Constraints", "Constraints\Reference.Type.Constraint\Reference.Type.Constraints.csproj", "{9C13304D-1E35-4B41-BB76-B61C229CC852}"
EndProject
Project("{FAE04EC0-301F-11D3-BF4B-00C04F79EFBC}") = "Value.Type.Constraints", "Constraints\Value.Type.Constraints\Value.Type.Constraints.csproj", "{7ADA84C6-54DA-404B-BB86-6B5D1D819E80}"
EndProject
Project("{FAE04EC0-301F-11D3-BF4B-00C04F79EFBC}") = "Generics.With.Reflection", "Reflection\Generics.With.Reflection\Generics.With.Reflection.csproj", "{CA86692A-ED77-411A-9419-5A6D3BB52582}"
EndProject
Project("{FAE04EC0-301F-11D3-BF4B-00C04F79EFBC}") = "CircularBuffer", "Basic\CircularBuffer\CircularBuffer.csproj", "{4523A394-A9BE-4C49-87D9-07CA84841603}"
EndProject
Project("{FAE04EC0-301F-11D3-BF4B-00C04F79EFBC}") = "CircularBuffer.Tests", "Basic\CircularBuffer.Tests\CircularBuffer.Tests.csproj", "{17710543-8997-49AE-93E1-1B1BAFD65B4E}"
EndProject
Project("{FAE04EC0-301F-11D3-BF4B-00C04F79EFBC}") = "ListResizePattern", "Basic\ListResizePattern\ListResizePattern.csproj", "{1665170F-8DDA-49CD-8286-D2AAEAB24F37}"
EndProject
Global
	GlobalSection(SolutionConfigurationPlatforms) = preSolution
		Debug|Any CPU = Debug|Any CPU
		Release|Any CPU = Release|Any CPU
	EndGlobalSection
	GlobalSection(ProjectConfigurationPlatforms) = postSolution
		{075ADA43-4892-4B0E-B045-44EDC9964762}.Debug|Any CPU.ActiveCfg = Debug|Any CPU
		{075ADA43-4892-4B0E-B045-44EDC9964762}.Debug|Any CPU.Build.0 = Debug|Any CPU
		{075ADA43-4892-4B0E-B045-44EDC9964762}.Release|Any CPU.ActiveCfg = Release|Any CPU
		{075ADA43-4892-4B0E-B045-44EDC9964762}.Release|Any CPU.Build.0 = Release|Any CPU
		{8B9D5D69-02C3-479C-BEAF-C0E6DAFBEFB1}.Debug|Any CPU.ActiveCfg = Debug|Any CPU
		{8B9D5D69-02C3-479C-BEAF-C0E6DAFBEFB1}.Debug|Any CPU.Build.0 = Debug|Any CPU
		{8B9D5D69-02C3-479C-BEAF-C0E6DAFBEFB1}.Release|Any CPU.ActiveCfg = Release|Any CPU
		{8B9D5D69-02C3-479C-BEAF-C0E6DAFBEFB1}.Release|Any CPU.Build.0 = Release|Any CPU
		{4862F6A0-ECC6-4E8E-8613-173769DA1FAE}.Debug|Any CPU.ActiveCfg = Debug|Any CPU
		{4862F6A0-ECC6-4E8E-8613-173769DA1FAE}.Debug|Any CPU.Build.0 = Debug|Any CPU
		{4862F6A0-ECC6-4E8E-8613-173769DA1FAE}.Release|Any CPU.ActiveCfg = Release|Any CPU
		{4862F6A0-ECC6-4E8E-8613-173769DA1FAE}.Release|Any CPU.Build.0 = Release|Any CPU
		{52C75841-3690-470B-9EC7-BFEFD6F736EB}.Debug|Any CPU.ActiveCfg = Debug|Any CPU
		{52C75841-3690-470B-9EC7-BFEFD6F736EB}.Debug|Any CPU.Build.0 = Debug|Any CPU
		{52C75841-3690-470B-9EC7-BFEFD6F736EB}.Release|Any CPU.ActiveCfg = Release|Any CPU
		{52C75841-3690-470B-9EC7-BFEFD6F736EB}.Release|Any CPU.Build.0 = Release|Any CPU
		{E3D03080-1000-42D5-ADF3-208EBB8D5388}.Debug|Any CPU.ActiveCfg = Debug|Any CPU
		{E3D03080-1000-42D5-ADF3-208EBB8D5388}.Debug|Any CPU.Build.0 = Debug|Any CPU
		{E3D03080-1000-42D5-ADF3-208EBB8D5388}.Release|Any CPU.ActiveCfg = Release|Any CPU
		{E3D03080-1000-42D5-ADF3-208EBB8D5388}.Release|Any CPU.Build.0 = Release|Any CPU
		{494F1C17-0F89-41BC-91A5-A776AF2F5F63}.Debug|Any CPU.ActiveCfg = Debug|Any CPU
		{494F1C17-0F89-41BC-91A5-A776AF2F5F63}.Debug|Any CPU.Build.0 = Debug|Any CPU
		{494F1C17-0F89-41BC-91A5-A776AF2F5F63}.Release|Any CPU.ActiveCfg = Release|Any CPU
		{494F1C17-0F89-41BC-91A5-A776AF2F5F63}.Release|Any CPU.Build.0 = Release|Any CPU
		{830E8912-DCF8-434D-BF40-7E658D39A687}.Debug|Any CPU.ActiveCfg = Debug|Any CPU
		{830E8912-DCF8-434D-BF40-7E658D39A687}.Debug|Any CPU.Build.0 = Debug|Any CPU
		{830E8912-DCF8-434D-BF40-7E658D39A687}.Release|Any CPU.ActiveCfg = Release|Any CPU
		{830E8912-DCF8-434D-BF40-7E658D39A687}.Release|Any CPU.Build.0 = Release|Any CPU
		{A548A5F0-0AB2-49E5-AB78-93841205BA49}.Debug|Any CPU.ActiveCfg = Debug|Any CPU
		{A548A5F0-0AB2-49E5-AB78-93841205BA49}.Debug|Any CPU.Build.0 = Debug|Any CPU
		{A548A5F0-0AB2-49E5-AB78-93841205BA49}.Release|Any CPU.ActiveCfg = Release|Any CPU
		{A548A5F0-0AB2-49E5-AB78-93841205BA49}.Release|Any CPU.Build.0 = Release|Any CPU
		{18339A6A-5779-43A8-8340-AABF0A36B1BB}.Debug|Any CPU.ActiveCfg = Debug|Any CPU
		{18339A6A-5779-43A8-8340-AABF0A36B1BB}.Debug|Any CPU.Build.0 = Debug|Any CPU
		{18339A6A-5779-43A8-8340-AABF0A36B1BB}.Release|Any CPU.ActiveCfg = Release|Any CPU
		{18339A6A-5779-43A8-8340-AABF0A36B1BB}.Release|Any CPU.Build.0 = Release|Any CPU
		{C9A96138-4256-441E-9304-6AAED2973B96}.Debug|Any CPU.ActiveCfg = Debug|Any CPU
		{C9A96138-4256-441E-9304-6AAED2973B96}.Debug|Any CPU.Build.0 = Debug|Any CPU
		{C9A96138-4256-441E-9304-6AAED2973B96}.Release|Any CPU.ActiveCfg = Release|Any CPU
		{C9A96138-4256-441E-9304-6AAED2973B96}.Release|Any CPU.Build.0 = Release|Any CPU
		{57445061-F00C-4748-864E-62D8763FF6D7}.Debug|Any CPU.ActiveCfg = Debug|Any CPU
		{57445061-F00C-4748-864E-62D8763FF6D7}.Debug|Any CPU.Build.0 = Debug|Any CPU
		{57445061-F00C-4748-864E-62D8763FF6D7}.Release|Any CPU.ActiveCfg = Release|Any CPU
		{57445061-F00C-4748-864E-62D8763FF6D7}.Release|Any CPU.Build.0 = Release|Any CPU
		{66C0CF92-D8E3-4268-B7F0-80CC9835E156}.Debug|Any CPU.ActiveCfg = Debug|Any CPU
		{66C0CF92-D8E3-4268-B7F0-80CC9835E156}.Debug|Any CPU.Build.0 = Debug|Any CPU
		{66C0CF92-D8E3-4268-B7F0-80CC9835E156}.Release|Any CPU.ActiveCfg = Release|Any CPU
		{66C0CF92-D8E3-4268-B7F0-80CC9835E156}.Release|Any CPU.Build.0 = Release|Any CPU
		{9C13304D-1E35-4B41-BB76-B61C229CC852}.Debug|Any CPU.ActiveCfg = Debug|Any CPU
		{9C13304D-1E35-4B41-BB76-B61C229CC852}.Debug|Any CPU.Build.0 = Debug|Any CPU
		{9C13304D-1E35-4B41-BB76-B61C229CC852}.Release|Any CPU.ActiveCfg = Release|Any CPU
		{9C13304D-1E35-4B41-BB76-B61C229CC852}.Release|Any CPU.Build.0 = Release|Any CPU
		{7ADA84C6-54DA-404B-BB86-6B5D1D819E80}.Debug|Any CPU.ActiveCfg = Debug|Any CPU
		{7ADA84C6-54DA-404B-BB86-6B5D1D819E80}.Debug|Any CPU.Build.0 = Debug|Any CPU
		{7ADA84C6-54DA-404B-BB86-6B5D1D819E80}.Release|Any CPU.ActiveCfg = Release|Any CPU
		{7ADA84C6-54DA-404B-BB86-6B5D1D819E80}.Release|Any CPU.Build.0 = Release|Any CPU
		{CA86692A-ED77-411A-9419-5A6D3BB52582}.Debug|Any CPU.ActiveCfg = Debug|Any CPU
		{CA86692A-ED77-411A-9419-5A6D3BB52582}.Debug|Any CPU.Build.0 = Debug|Any CPU
		{CA86692A-ED77-411A-9419-5A6D3BB52582}.Release|Any CPU.ActiveCfg = Release|Any CPU
		{CA86692A-ED77-411A-9419-5A6D3BB52582}.Release|Any CPU.Build.0 = Release|Any CPU
		{4523A394-A9BE-4C49-87D9-07CA84841603}.Debug|Any CPU.ActiveCfg = Debug|Any CPU
		{4523A394-A9BE-4C49-87D9-07CA84841603}.Debug|Any CPU.Build.0 = Debug|Any CPU
		{4523A394-A9BE-4C49-87D9-07CA84841603}.Release|Any CPU.ActiveCfg = Release|Any CPU
		{4523A394-A9BE-4C49-87D9-07CA84841603}.Release|Any CPU.Build.0 = Release|Any CPU
		{17710543-8997-49AE-93E1-1B1BAFD65B4E}.Debug|Any CPU.ActiveCfg = Debug|Any CPU
		{17710543-8997-49AE-93E1-1B1BAFD65B4E}.Debug|Any CPU.Build.0 = Debug|Any CPU
		{17710543-8997-49AE-93E1-1B1BAFD65B4E}.Release|Any CPU.ActiveCfg = Release|Any CPU
		{17710543-8997-49AE-93E1-1B1BAFD65B4E}.Release|Any CPU.Build.0 = Release|Any CPU
		{1665170F-8DDA-49CD-8286-D2AAEAB24F37}.Debug|Any CPU.ActiveCfg = Debug|Any CPU
		{1665170F-8DDA-49CD-8286-D2AAEAB24F37}.Debug|Any CPU.Build.0 = Debug|Any CPU
		{1665170F-8DDA-49CD-8286-D2AAEAB24F37}.Release|Any CPU.ActiveCfg = Release|Any CPU
		{1665170F-8DDA-49CD-8286-D2AAEAB24F37}.Release|Any CPU.Build.0 = Release|Any CPU
	EndGlobalSection
	GlobalSection(SolutionProperties) = preSolution
		HideSolutionNode = FALSE
	EndGlobalSection
	GlobalSection(NestedProjects) = preSolution
		{075ADA43-4892-4B0E-B045-44EDC9964762} = {3C0EDA49-7B5A-4F3A-84B8-E4AA41E951E6}
		{8B9D5D69-02C3-479C-BEAF-C0E6DAFBEFB1} = {3C0EDA49-7B5A-4F3A-84B8-E4AA41E951E6}
		{4862F6A0-ECC6-4E8E-8613-173769DA1FAE} = {141E0F2A-D30F-455E-A518-46D59562C04E}
		{52C75841-3690-470B-9EC7-BFEFD6F736EB} = {141E0F2A-D30F-455E-A518-46D59562C04E}
		{E3D03080-1000-42D5-ADF3-208EBB8D5388} = {3C0EDA49-7B5A-4F3A-84B8-E4AA41E951E6}
		{494F1C17-0F89-41BC-91A5-A776AF2F5F63} = {3C0EDA49-7B5A-4F3A-84B8-E4AA41E951E6}
		{830E8912-DCF8-434D-BF40-7E658D39A687} = {3C0EDA49-7B5A-4F3A-84B8-E4AA41E951E6}
		{A548A5F0-0AB2-49E5-AB78-93841205BA49} = {3C0EDA49-7B5A-4F3A-84B8-E4AA41E951E6}
		{18339A6A-5779-43A8-8340-AABF0A36B1BB} = {3C0EDA49-7B5A-4F3A-84B8-E4AA41E951E6}
		{C9A96138-4256-441E-9304-6AAED2973B96} = {3C0EDA49-7B5A-4F3A-84B8-E4AA41E951E6}
		{57445061-F00C-4748-864E-62D8763FF6D7} = {69C609A2-77E7-4B07-B02D-685749B999EF}
		{66C0CF92-D8E3-4268-B7F0-80CC9835E156} = {69C609A2-77E7-4B07-B02D-685749B999EF}
		{9C13304D-1E35-4B41-BB76-B61C229CC852} = {69C609A2-77E7-4B07-B02D-685749B999EF}
		{7ADA84C6-54DA-404B-BB86-6B5D1D819E80} = {69C609A2-77E7-4B07-B02D-685749B999EF}
		{CA86692A-ED77-411A-9419-5A6D3BB52582} = {8268DD8D-AB55-4EEF-8745-6B88AEB6592C}
		{4523A394-A9BE-4C49-87D9-07CA84841603} = {3C0EDA49-7B5A-4F3A-84B8-E4AA41E951E6}
		{17710543-8997-49AE-93E1-1B1BAFD65B4E} = {3C0EDA49-7B5A-4F3A-84B8-E4AA41E951E6}
		{1665170F-8DDA-49CD-8286-D2AAEAB24F37} = {3C0EDA49-7B5A-4F3A-84B8-E4AA41E951E6}
	EndGlobalSection
	GlobalSection(ExtensibilityGlobals) = postSolution
		SolutionGuid = {F4B90AAB-7434-48BD-8730-803993DCAB11}
	EndGlobalSection
EndGlobal
