
Microsoft Visual Studio Solution File, Format Version 12.00
# Visual Studio 15
VisualStudioVersion = 15.0.27703.2026
MinimumVisualStudioVersion = 10.0.40219.1
Project("{FAE04EC0-301F-11D3-BF4B-00C04F79EFBC}") = "Indexer-Introduction", "Introduction\Indexer-Introduction.csproj", "{3C6BC6BC-9B90-4F52-932C-7AD334D560EE}"
EndProject
Global
	GlobalSection(SolutionConfigurationPlatforms) = preSolution
		Debug|Any CPU = Debug|Any CPU
		Release|Any CPU = Release|Any CPU
	EndGlobalSection
	GlobalSection(ProjectConfigurationPlatforms) = postSolution
		{3C6BC6BC-9B90-4F52-932C-7AD334D560EE}.Debug|Any CPU.ActiveCfg = Debug|Any CPU
		{3C6BC6BC-9B90-4F52-932C-7AD334D560EE}.Debug|Any CPU.Build.0 = Debug|Any CPU
		{3C6BC6BC-9B90-4F52-932C-7AD334D560EE}.Release|Any CPU.ActiveCfg = Release|Any CPU
		{3C6BC6BC-9B90-4F52-932C-7AD334D560EE}.Release|Any CPU.Build.0 = Release|Any CPU
	EndGlobalSection
	GlobalSection(SolutionProperties) = preSolution
		HideSolutionNode = FALSE
	EndGlobalSection
	GlobalSection(ExtensibilityGlobals) = postSolution
		SolutionGuid = {D3DD3853-1AF4-4FF3-AD63-A4ADDE327C96}
	EndGlobalSection
EndGlobal
