
Microsoft Visual Studio Solution File, Format Version 12.00
# Visual Studio Version 17
VisualStudioVersion = 17.5.002.0
MinimumVisualStudioVersion = 10.0.40219.1
Project("{9A19103F-16F7-4668-BE54-9A1E7A4F7556}") = "Do - While", "Do - While.csproj", "{B91FD471-C788-4703-9E81-BEF45D2B42CD}"
EndProject
Global
	GlobalSection(SolutionConfigurationPlatforms) = preSolution
		Debug|Any CPU = Debug|Any CPU
		Release|Any CPU = Release|Any CPU
	EndGlobalSection
	GlobalSection(ProjectConfigurationPlatforms) = postSolution
		{B91FD471-C788-4703-9E81-BEF45D2B42CD}.Debug|Any CPU.ActiveCfg = Debug|Any CPU
		{B91FD471-C788-4703-9E81-BEF45D2B42CD}.Debug|Any CPU.Build.0 = Debug|Any CPU
		{B91FD471-C788-4703-9E81-BEF45D2B42CD}.Release|Any CPU.ActiveCfg = Release|Any CPU
		{B91FD471-C788-4703-9E81-BEF45D2B42CD}.Release|Any CPU.Build.0 = Release|Any CPU
	EndGlobalSection
	GlobalSection(SolutionProperties) = preSolution
		HideSolutionNode = FALSE
	EndGlobalSection
	GlobalSection(ExtensibilityGlobals) = postSolution
		SolutionGuid = {2EAD07C8-1AFE-4F56-B97D-494D69E7FCFC}
	EndGlobalSection
EndGlobal
