
Microsoft Visual Studio Solution File, Format Version 12.00
# Visual Studio Version 17
VisualStudioVersion = 17.5.002.0
MinimumVisualStudioVersion = 10.0.40219.1
Project("{9A19103F-16F7-4668-BE54-9A1E7A4F7556}") = "For - Each", "For - Each.csproj", "{6099A3F3-972A-4556-A033-F519FD343EA8}"
EndProject
Global
	GlobalSection(SolutionConfigurationPlatforms) = preSolution
		Debug|Any CPU = Debug|Any CPU
		Release|Any CPU = Release|Any CPU
	EndGlobalSection
	GlobalSection(ProjectConfigurationPlatforms) = postSolution
		{6099A3F3-972A-4556-A033-F519FD343EA8}.Debug|Any CPU.ActiveCfg = Debug|Any CPU
		{6099A3F3-972A-4556-A033-F519FD343EA8}.Debug|Any CPU.Build.0 = Debug|Any CPU
		{6099A3F3-972A-4556-A033-F519FD343EA8}.Release|Any CPU.ActiveCfg = Release|Any CPU
		{6099A3F3-972A-4556-A033-F519FD343EA8}.Release|Any CPU.Build.0 = Release|Any CPU
	EndGlobalSection
	GlobalSection(SolutionProperties) = preSolution
		HideSolutionNode = FALSE
	EndGlobalSection
	GlobalSection(ExtensibilityGlobals) = postSolution
		SolutionGuid = {9826ACEA-9389-4700-8A45-A528390C6281}
	EndGlobalSection
EndGlobal
