
Microsoft Visual Studio Solution File, Format Version 12.00
# Visual Studio 15
VisualStudioVersion = 15.0.28010.2041
MinimumVisualStudioVersion = 10.0.40219.1
Project("{FAE04EC0-301F-11D3-BF4B-00C04F79EFBC}") = "DAL", "DAL\DAL.csproj", "{4803DFCE-FED9-4D0D-8C24-FBA39B9718AD}"
EndProject
Project("{FAE04EC0-301F-11D3-BF4B-00C04F79EFBC}") = "BL", "BL\BL.csproj", "{514EAF1F-2A71-42B1-A65F-5B175CCF3298}"
EndProject
Project("{FAE04EC0-301F-11D3-BF4B-00C04F79EFBC}") = "UI", "UI\UI.csproj", "{34A0A57D-2109-48F6-9A08-C808133CB2C6}"
EndProject
Project("{FAE04EC0-301F-11D3-BF4B-00C04F79EFBC}") = "EL", "EL\EL.csproj", "{3789F1B0-6916-485F-9E9D-4731EF252632}"
EndProject
Global
	GlobalSection(SolutionConfigurationPlatforms) = preSolution
		Debug|Any CPU = Debug|Any CPU
		Release|Any CPU = Release|Any CPU
	EndGlobalSection
	GlobalSection(ProjectConfigurationPlatforms) = postSolution
		{4803DFCE-FED9-4D0D-8C24-FBA39B9718AD}.Debug|Any CPU.ActiveCfg = Debug|Any CPU
		{4803DFCE-FED9-4D0D-8C24-FBA39B9718AD}.Debug|Any CPU.Build.0 = Debug|Any CPU
		{4803DFCE-FED9-4D0D-8C24-FBA39B9718AD}.Release|Any CPU.ActiveCfg = Release|Any CPU
		{4803DFCE-FED9-4D0D-8C24-FBA39B9718AD}.Release|Any CPU.Build.0 = Release|Any CPU
		{514EAF1F-2A71-42B1-A65F-5B175CCF3298}.Debug|Any CPU.ActiveCfg = Debug|Any CPU
		{514EAF1F-2A71-42B1-A65F-5B175CCF3298}.Debug|Any CPU.Build.0 = Debug|Any CPU
		{514EAF1F-2A71-42B1-A65F-5B175CCF3298}.Release|Any CPU.ActiveCfg = Release|Any CPU
		{514EAF1F-2A71-42B1-A65F-5B175CCF3298}.Release|Any CPU.Build.0 = Release|Any CPU
		{34A0A57D-2109-48F6-9A08-C808133CB2C6}.Debug|Any CPU.ActiveCfg = Debug|Any CPU
		{34A0A57D-2109-48F6-9A08-C808133CB2C6}.Debug|Any CPU.Build.0 = Debug|Any CPU
		{34A0A57D-2109-48F6-9A08-C808133CB2C6}.Release|Any CPU.ActiveCfg = Release|Any CPU
		{34A0A57D-2109-48F6-9A08-C808133CB2C6}.Release|Any CPU.Build.0 = Release|Any CPU
		{3789F1B0-6916-485F-9E9D-4731EF252632}.Debug|Any CPU.ActiveCfg = Debug|Any CPU
		{3789F1B0-6916-485F-9E9D-4731EF252632}.Debug|Any CPU.Build.0 = Debug|Any CPU
		{3789F1B0-6916-485F-9E9D-4731EF252632}.Release|Any CPU.ActiveCfg = Release|Any CPU
		{3789F1B0-6916-485F-9E9D-4731EF252632}.Release|Any CPU.Build.0 = Release|Any CPU
	EndGlobalSection
	GlobalSection(SolutionProperties) = preSolution
		HideSolutionNode = FALSE
	EndGlobalSection
	GlobalSection(ExtensibilityGlobals) = postSolution
		SolutionGuid = {A419A800-F9D9-4D15-AD50-A1052F61703A}
		EnterpriseLibraryConfigurationToolBinariesPath = packages\Unity.2.1.505.0\lib\NET35;packages\Unity.Interception.2.1.505.0\lib\NET35;packages\EnterpriseLibrary.Common.5.0.505.0\lib\NET35;packages\EnterpriseLibrary.ExceptionHandling.5.0.505.0\lib\NET35;packages\EnterpriseLibrary.Logging.5.0.505.0\lib\NET35;packages\EnterpriseLibrary.ExceptionHandling.Logging.5.0.505.0\lib\NET35
		EnterpriseLibraryConfigurationToolBinariesPathV6 = packages\EnterpriseLibrary.Common.6.0.1304.0\lib\NET45;packages\EnterpriseLibrary.ExceptionHandling.6.0.1304.0\lib\NET45;packages\EnterpriseLibrary.Logging.6.0.1304.0\lib\NET45;packages\EnterpriseLibrary.ExceptionHandling.Logging.6.0.1304.0\lib\NET45
	EndGlobalSection
EndGlobal
