
Microsoft Visual Studio Solution File, Format Version 12.00
# Visual Studio 15
VisualStudioVersion = 15.0.27703.2026
MinimumVisualStudioVersion = 10.0.40219.1
Project("{2150E333-8FDC-42A3-9474-1A3956D46DE8}") = "Solution Items", "Solution Items", "{1FFB25F0-F65D-4665-A232-00E585798BC6}"
	ProjectSection(SolutionItems) = preProject
		ReadMe.txt = ReadMe.txt
	EndProjectSection
EndProject
Project("{FAE04EC0-301F-11D3-BF4B-00C04F79EFBC}") = "Properties - Fields", "Properties - Fields\Properties - Fields.csproj", "{B1E30A8B-2C95-4D08-A51A-669CF6FFD243}"
EndProject
Project("{FAE04EC0-301F-11D3-BF4B-00C04F79EFBC}") = "Constructor", "Constructor\Constructor.csproj", "{EA649CF1-FEE5-42D0-9E7F-88149741E619}"
EndProject
Project("{FAE04EC0-301F-11D3-BF4B-00C04F79EFBC}") = "Constructor - Instance - Static", "Constructor - Instance - Static\Constructor - Instance - Static.csproj", "{7051932E-C74D-47B1-93B8-7CDF43CC2881}"
EndProject
Project("{FAE04EC0-301F-11D3-BF4B-00C04F79EFBC}") = "Constructor - Chaining", "Constructor - Chaining\Constructor - Chaining.csproj", "{7280D448-DD4D-4A40-9C13-6F801431E4C0}"
EndProject
Project("{FAE04EC0-301F-11D3-BF4B-00C04F79EFBC}") = "Constructor - Overloading", "Constructor - Overloading\Constructor - Overloading.csproj", "{566B93AC-5189-4E06-BC08-7B38B525CEC3}"
EndProject
Project("{FAE04EC0-301F-11D3-BF4B-00C04F79EFBC}") = "Class - Static", "Class - Static\Class - Static.csproj", "{C935362F-CD03-4CEC-A8D8-050D59914E94}"
EndProject
Project("{FAE04EC0-301F-11D3-BF4B-00C04F79EFBC}") = "Class - Partial", "Class - Partial\Class - Partial.csproj", "{626E61A3-D268-4EA1-B67A-68E04864C4FE}"
EndProject
Project("{FAE04EC0-301F-11D3-BF4B-00C04F79EFBC}") = "Class - Sealed", "Class - Sealed\Class - Sealed.csproj", "{988860C0-B36E-447A-AF00-4D3AF18AC1B4}"
EndProject
Project("{FAE04EC0-301F-11D3-BF4B-00C04F79EFBC}") = "Class - Abstract", "Class - Abstract\Class - Abstract.csproj", "{F2D5CFF2-C164-4CF3-B58D-D67543CFA67A}"
EndProject
Project("{2150E333-8FDC-42A3-9474-1A3956D46DE8}") = "Class", "Class", "{FC0B749B-D2F5-4E4F-804A-1DD1072B9114}"
EndProject
Project("{2150E333-8FDC-42A3-9474-1A3956D46DE8}") = "Constructors", "Constructors", "{45B3263D-36E8-4A10-9460-9BFEAF89D461}"
EndProject
Project("{2150E333-8FDC-42A3-9474-1A3956D46DE8}") = "Methods", "Methods", "{E9BF417E-E404-406E-BF9E-CDA796A2B86B}"
EndProject
Project("{FAE04EC0-301F-11D3-BF4B-00C04F79EFBC}") = "Methods - Instance", "Methods - Instance\Methods - Instance.csproj", "{D61E92AD-4E50-4196-8B27-29AD85443A40}"
EndProject
Project("{FAE04EC0-301F-11D3-BF4B-00C04F79EFBC}") = "Methods - Static", "Methods - Static\Methods - Static.csproj", "{C350AFCF-8E13-4ED3-8845-982196B93A36}"
EndProject
Project("{FAE04EC0-301F-11D3-BF4B-00C04F79EFBC}") = "Methods - Abstract", "Methods - Abstract\Methods - Abstract.csproj", "{0CCA780E-077D-4D4D-864E-89892414C216}"
EndProject
Project("{FAE04EC0-301F-11D3-BF4B-00C04F79EFBC}") = "Methods - Extension", "Methods - Extension\Extension Methods\Methods - Extension.csproj", "{D3A9C4CB-7294-4BC4-8C4B-A7877B0AF0C7}"
EndProject
Project("{FAE04EC0-301F-11D3-BF4B-00C04F79EFBC}") = "Methods - Extension - Fluent API", "Methods - Extension\Extension Methods - Fluent API\Methods - Extension - Fluent API.csproj", "{EDABADD8-158D-4185-A645-F836F2A8FAED}"
EndProject
Project("{FAE04EC0-301F-11D3-BF4B-00C04F79EFBC}") = "Methods - Interface", "Methods - Interface\Methods - Interface.csproj", "{C2622032-A2AD-40AB-8718-37996D71363E}"
EndProject
Project("{FAE04EC0-301F-11D3-BF4B-00C04F79EFBC}") = "Methods - Partial", "Methods - Partial\Methods - Partial.csproj", "{693F5C5D-CBD5-4193-9C5F-536324DC072D}"
EndProject
Project("{FAE04EC0-301F-11D3-BF4B-00C04F79EFBC}") = "Methods - Virtual", "Methods - Virtual\Methods - Virtual.csproj", "{30446F0C-59CC-4CB1-BC7D-387052269DC4}"
EndProject
Global
	GlobalSection(SolutionConfigurationPlatforms) = preSolution
		Debug|Any CPU = Debug|Any CPU
		Release|Any CPU = Release|Any CPU
	EndGlobalSection
	GlobalSection(ProjectConfigurationPlatforms) = postSolution
		{B1E30A8B-2C95-4D08-A51A-669CF6FFD243}.Debug|Any CPU.ActiveCfg = Debug|Any CPU
		{B1E30A8B-2C95-4D08-A51A-669CF6FFD243}.Debug|Any CPU.Build.0 = Debug|Any CPU
		{B1E30A8B-2C95-4D08-A51A-669CF6FFD243}.Release|Any CPU.ActiveCfg = Release|Any CPU
		{B1E30A8B-2C95-4D08-A51A-669CF6FFD243}.Release|Any CPU.Build.0 = Release|Any CPU
		{EA649CF1-FEE5-42D0-9E7F-88149741E619}.Debug|Any CPU.ActiveCfg = Debug|Any CPU
		{EA649CF1-FEE5-42D0-9E7F-88149741E619}.Debug|Any CPU.Build.0 = Debug|Any CPU
		{EA649CF1-FEE5-42D0-9E7F-88149741E619}.Release|Any CPU.ActiveCfg = Release|Any CPU
		{EA649CF1-FEE5-42D0-9E7F-88149741E619}.Release|Any CPU.Build.0 = Release|Any CPU
		{7051932E-C74D-47B1-93B8-7CDF43CC2881}.Debug|Any CPU.ActiveCfg = Debug|Any CPU
		{7051932E-C74D-47B1-93B8-7CDF43CC2881}.Debug|Any CPU.Build.0 = Debug|Any CPU
		{7051932E-C74D-47B1-93B8-7CDF43CC2881}.Release|Any CPU.ActiveCfg = Release|Any CPU
		{7051932E-C74D-47B1-93B8-7CDF43CC2881}.Release|Any CPU.Build.0 = Release|Any CPU
		{7280D448-DD4D-4A40-9C13-6F801431E4C0}.Debug|Any CPU.ActiveCfg = Debug|Any CPU
		{7280D448-DD4D-4A40-9C13-6F801431E4C0}.Debug|Any CPU.Build.0 = Debug|Any CPU
		{7280D448-DD4D-4A40-9C13-6F801431E4C0}.Release|Any CPU.ActiveCfg = Release|Any CPU
		{7280D448-DD4D-4A40-9C13-6F801431E4C0}.Release|Any CPU.Build.0 = Release|Any CPU
		{566B93AC-5189-4E06-BC08-7B38B525CEC3}.Debug|Any CPU.ActiveCfg = Debug|Any CPU
		{566B93AC-5189-4E06-BC08-7B38B525CEC3}.Debug|Any CPU.Build.0 = Debug|Any CPU
		{566B93AC-5189-4E06-BC08-7B38B525CEC3}.Release|Any CPU.ActiveCfg = Release|Any CPU
		{566B93AC-5189-4E06-BC08-7B38B525CEC3}.Release|Any CPU.Build.0 = Release|Any CPU
		{C935362F-CD03-4CEC-A8D8-050D59914E94}.Debug|Any CPU.ActiveCfg = Debug|Any CPU
		{C935362F-CD03-4CEC-A8D8-050D59914E94}.Debug|Any CPU.Build.0 = Debug|Any CPU
		{C935362F-CD03-4CEC-A8D8-050D59914E94}.Release|Any CPU.ActiveCfg = Release|Any CPU
		{C935362F-CD03-4CEC-A8D8-050D59914E94}.Release|Any CPU.Build.0 = Release|Any CPU
		{626E61A3-D268-4EA1-B67A-68E04864C4FE}.Debug|Any CPU.ActiveCfg = Debug|Any CPU
		{626E61A3-D268-4EA1-B67A-68E04864C4FE}.Debug|Any CPU.Build.0 = Debug|Any CPU
		{626E61A3-D268-4EA1-B67A-68E04864C4FE}.Release|Any CPU.ActiveCfg = Release|Any CPU
		{626E61A3-D268-4EA1-B67A-68E04864C4FE}.Release|Any CPU.Build.0 = Release|Any CPU
		{988860C0-B36E-447A-AF00-4D3AF18AC1B4}.Debug|Any CPU.ActiveCfg = Debug|Any CPU
		{988860C0-B36E-447A-AF00-4D3AF18AC1B4}.Debug|Any CPU.Build.0 = Debug|Any CPU
		{988860C0-B36E-447A-AF00-4D3AF18AC1B4}.Release|Any CPU.ActiveCfg = Release|Any CPU
		{988860C0-B36E-447A-AF00-4D3AF18AC1B4}.Release|Any CPU.Build.0 = Release|Any CPU
		{F2D5CFF2-C164-4CF3-B58D-D67543CFA67A}.Debug|Any CPU.ActiveCfg = Debug|Any CPU
		{F2D5CFF2-C164-4CF3-B58D-D67543CFA67A}.Debug|Any CPU.Build.0 = Debug|Any CPU
		{F2D5CFF2-C164-4CF3-B58D-D67543CFA67A}.Release|Any CPU.ActiveCfg = Release|Any CPU
		{F2D5CFF2-C164-4CF3-B58D-D67543CFA67A}.Release|Any CPU.Build.0 = Release|Any CPU
		{D61E92AD-4E50-4196-8B27-29AD85443A40}.Debug|Any CPU.ActiveCfg = Debug|Any CPU
		{D61E92AD-4E50-4196-8B27-29AD85443A40}.Debug|Any CPU.Build.0 = Debug|Any CPU
		{D61E92AD-4E50-4196-8B27-29AD85443A40}.Release|Any CPU.ActiveCfg = Release|Any CPU
		{D61E92AD-4E50-4196-8B27-29AD85443A40}.Release|Any CPU.Build.0 = Release|Any CPU
		{C350AFCF-8E13-4ED3-8845-982196B93A36}.Debug|Any CPU.ActiveCfg = Debug|Any CPU
		{C350AFCF-8E13-4ED3-8845-982196B93A36}.Debug|Any CPU.Build.0 = Debug|Any CPU
		{C350AFCF-8E13-4ED3-8845-982196B93A36}.Release|Any CPU.ActiveCfg = Release|Any CPU
		{C350AFCF-8E13-4ED3-8845-982196B93A36}.Release|Any CPU.Build.0 = Release|Any CPU
		{0CCA780E-077D-4D4D-864E-89892414C216}.Debug|Any CPU.ActiveCfg = Debug|Any CPU
		{0CCA780E-077D-4D4D-864E-89892414C216}.Debug|Any CPU.Build.0 = Debug|Any CPU
		{0CCA780E-077D-4D4D-864E-89892414C216}.Release|Any CPU.ActiveCfg = Release|Any CPU
		{0CCA780E-077D-4D4D-864E-89892414C216}.Release|Any CPU.Build.0 = Release|Any CPU
		{D3A9C4CB-7294-4BC4-8C4B-A7877B0AF0C7}.Debug|Any CPU.ActiveCfg = Debug|Any CPU
		{D3A9C4CB-7294-4BC4-8C4B-A7877B0AF0C7}.Debug|Any CPU.Build.0 = Debug|Any CPU
		{D3A9C4CB-7294-4BC4-8C4B-A7877B0AF0C7}.Release|Any CPU.ActiveCfg = Release|Any CPU
		{D3A9C4CB-7294-4BC4-8C4B-A7877B0AF0C7}.Release|Any CPU.Build.0 = Release|Any CPU
		{EDABADD8-158D-4185-A645-F836F2A8FAED}.Debug|Any CPU.ActiveCfg = Debug|Any CPU
		{EDABADD8-158D-4185-A645-F836F2A8FAED}.Debug|Any CPU.Build.0 = Debug|Any CPU
		{EDABADD8-158D-4185-A645-F836F2A8FAED}.Release|Any CPU.ActiveCfg = Release|Any CPU
		{EDABADD8-158D-4185-A645-F836F2A8FAED}.Release|Any CPU.Build.0 = Release|Any CPU
		{C2622032-A2AD-40AB-8718-37996D71363E}.Debug|Any CPU.ActiveCfg = Debug|Any CPU
		{C2622032-A2AD-40AB-8718-37996D71363E}.Debug|Any CPU.Build.0 = Debug|Any CPU
		{C2622032-A2AD-40AB-8718-37996D71363E}.Release|Any CPU.ActiveCfg = Release|Any CPU
		{C2622032-A2AD-40AB-8718-37996D71363E}.Release|Any CPU.Build.0 = Release|Any CPU
		{693F5C5D-CBD5-4193-9C5F-536324DC072D}.Debug|Any CPU.ActiveCfg = Debug|Any CPU
		{693F5C5D-CBD5-4193-9C5F-536324DC072D}.Debug|Any CPU.Build.0 = Debug|Any CPU
		{693F5C5D-CBD5-4193-9C5F-536324DC072D}.Release|Any CPU.ActiveCfg = Release|Any CPU
		{693F5C5D-CBD5-4193-9C5F-536324DC072D}.Release|Any CPU.Build.0 = Release|Any CPU
		{30446F0C-59CC-4CB1-BC7D-387052269DC4}.Debug|Any CPU.ActiveCfg = Debug|Any CPU
		{30446F0C-59CC-4CB1-BC7D-387052269DC4}.Debug|Any CPU.Build.0 = Debug|Any CPU
		{30446F0C-59CC-4CB1-BC7D-387052269DC4}.Release|Any CPU.ActiveCfg = Release|Any CPU
		{30446F0C-59CC-4CB1-BC7D-387052269DC4}.Release|Any CPU.Build.0 = Release|Any CPU
	EndGlobalSection
	GlobalSection(SolutionProperties) = preSolution
		HideSolutionNode = FALSE
	EndGlobalSection
	GlobalSection(NestedProjects) = preSolution
		{B1E30A8B-2C95-4D08-A51A-669CF6FFD243} = {FC0B749B-D2F5-4E4F-804A-1DD1072B9114}
		{EA649CF1-FEE5-42D0-9E7F-88149741E619} = {45B3263D-36E8-4A10-9460-9BFEAF89D461}
		{7051932E-C74D-47B1-93B8-7CDF43CC2881} = {45B3263D-36E8-4A10-9460-9BFEAF89D461}
		{7280D448-DD4D-4A40-9C13-6F801431E4C0} = {45B3263D-36E8-4A10-9460-9BFEAF89D461}
		{566B93AC-5189-4E06-BC08-7B38B525CEC3} = {45B3263D-36E8-4A10-9460-9BFEAF89D461}
		{C935362F-CD03-4CEC-A8D8-050D59914E94} = {FC0B749B-D2F5-4E4F-804A-1DD1072B9114}
		{626E61A3-D268-4EA1-B67A-68E04864C4FE} = {FC0B749B-D2F5-4E4F-804A-1DD1072B9114}
		{988860C0-B36E-447A-AF00-4D3AF18AC1B4} = {FC0B749B-D2F5-4E4F-804A-1DD1072B9114}
		{F2D5CFF2-C164-4CF3-B58D-D67543CFA67A} = {FC0B749B-D2F5-4E4F-804A-1DD1072B9114}
		{D61E92AD-4E50-4196-8B27-29AD85443A40} = {E9BF417E-E404-406E-BF9E-CDA796A2B86B}
		{C350AFCF-8E13-4ED3-8845-982196B93A36} = {E9BF417E-E404-406E-BF9E-CDA796A2B86B}
		{0CCA780E-077D-4D4D-864E-89892414C216} = {E9BF417E-E404-406E-BF9E-CDA796A2B86B}
		{D3A9C4CB-7294-4BC4-8C4B-A7877B0AF0C7} = {E9BF417E-E404-406E-BF9E-CDA796A2B86B}
		{EDABADD8-158D-4185-A645-F836F2A8FAED} = {E9BF417E-E404-406E-BF9E-CDA796A2B86B}
		{C2622032-A2AD-40AB-8718-37996D71363E} = {E9BF417E-E404-406E-BF9E-CDA796A2B86B}
		{693F5C5D-CBD5-4193-9C5F-536324DC072D} = {E9BF417E-E404-406E-BF9E-CDA796A2B86B}
		{30446F0C-59CC-4CB1-BC7D-387052269DC4} = {E9BF417E-E404-406E-BF9E-CDA796A2B86B}
	EndGlobalSection
	GlobalSection(ExtensibilityGlobals) = postSolution
		SolutionGuid = {17FD752E-801D-4114-91F0-286F752A27D0}
	EndGlobalSection
EndGlobal
