
Microsoft Visual Studio Solution File, Format Version 12.00
# Visual Studio 15
VisualStudioVersion = 15.0.27703.2026
MinimumVisualStudioVersion = 10.0.40219.1
Project("{FAE04EC0-301F-11D3-BF4B-00C04F79EFBC}") = "ArrayList", "ArrayList\ArrayList.csproj", "{C1584E49-1F7A-46E3-A90C-7A16DACA64AE}"
EndProject
Project("{FAE04EC0-301F-11D3-BF4B-00C04F79EFBC}") = "Array.Tests", "Array\Array.Tests.csproj", "{A8F9E671-D318-407E-9E98-22DBDC270F1F}"
EndProject
Project("{FAE04EC0-301F-11D3-BF4B-00C04F79EFBC}") = "Hashtable", "Hashtable\Hashtable.csproj", "{7C67BAE9-D27E-406A-A961-1D3C505F73C5}"
EndProject
Project("{2150E333-8FDC-42A3-9474-1A3956D46DE8}") = "Non Generic", "Non Generic", "{9C35A07E-CAAD-40BB-A699-8D452B2F3131}"
EndProject
Project("{2150E333-8FDC-42A3-9474-1A3956D46DE8}") = "Generic", "Generic", "{16821E85-6EAC-4209-8DA7-A5E710D04499}"
EndProject
Project("{FAE04EC0-301F-11D3-BF4B-00C04F79EFBC}") = "List.Collection", "List\List.Collection\List.Collection.csproj", "{1FE15E8E-FD16-499C-84F1-08CAD7063D31}"
EndProject
Project("{FAE04EC0-301F-11D3-BF4B-00C04F79EFBC}") = "List.Collection.Tests", "List\List.Collection.Tests\List.Collection.Tests.csproj", "{B9B257DC-619C-41E3-B7D9-5BEFE1B48781}"
EndProject
Project("{FAE04EC0-301F-11D3-BF4B-00C04F79EFBC}") = "ConcurrentBag.Collection", "ConcurrentBag\ConcurrentBag.Collection\ConcurrentBag.Collection.csproj", "{EB9C68B9-DB15-4853-A63B-7B70F62DECFF}"
EndProject
Project("{FAE04EC0-301F-11D3-BF4B-00C04F79EFBC}") = "ConcurrentBag.Collection.Tests", "ConcurrentBag\ConcurrentBag.Collection.Tests\ConcurrentBag.Collection.Tests.csproj", "{45DF0501-D98C-4E51-81F8-97DF6EC43038}"
EndProject
Project("{FAE04EC0-301F-11D3-BF4B-00C04F79EFBC}") = "ConcurrentDictionary.Collection", "ConcurrentDictionary\ConcurrentDictionary.Collection\ConcurrentDictionary.Collection.csproj", "{7C0EC118-2BE4-4ED0-91FA-611E8EC14314}"
EndProject
Project("{FAE04EC0-301F-11D3-BF4B-00C04F79EFBC}") = "ConcurrentDictionary.Collection.Tests", "ConcurrentDictionary\ConcurrentDictionary.Collection.Tests\ConcurrentDictionary.Collection.Tests.csproj", "{872289FA-A3CF-484B-A49C-9A10BFEA3CBA}"
EndProject
Project("{FAE04EC0-301F-11D3-BF4B-00C04F79EFBC}") = "ConcurrentDictionary.Performance", "ConcurrentDictionary\ConcurrentDictionary.Performance\ConcurrentDictionary.Performance.csproj", "{26F875DA-50EF-459B-8630-53B63926412D}"
EndProject
Project("{FAE04EC0-301F-11D3-BF4B-00C04F79EFBC}") = "ConcurrentQueue.Collection", "ConcurrentQueue\ConcurrentQueue.Collection\ConcurrentQueue.Collection.csproj", "{F82F26F6-236E-4ED0-9ECC-26E1DEDF758C}"
EndProject
Project("{FAE04EC0-301F-11D3-BF4B-00C04F79EFBC}") = "ConcurrentQueue.Collection.Tests", "ConcurrentQueue\ConcurrentQueue.Collection.Tests\ConcurrentQueue.Collection.Tests.csproj", "{7187339B-D6DC-49AD-8DA8-5B2F97F38175}"
EndProject
Project("{FAE04EC0-301F-11D3-BF4B-00C04F79EFBC}") = "ConcurrentStack.Collection", "ConcurrentStack\ConcurrentStack.Collection\ConcurrentStack.Collection.csproj", "{3E8C9169-6B89-4684-8C7D-65A50F94BC34}"
EndProject
Project("{FAE04EC0-301F-11D3-BF4B-00C04F79EFBC}") = "ConcurrentStack.Collection.Tests", "ConcurrentStack\ConcurrentStack.Collection.Tests\ConcurrentStack.Collection.Tests.csproj", "{3C053D01-0AE1-4AB4-9C74-3D1573782AF0}"
EndProject
Project("{FAE04EC0-301F-11D3-BF4B-00C04F79EFBC}") = "Dictionary.Collection", "Dictionary\Dictionary.Collection\Dictionary.Collection.csproj", "{BE1AEF3F-075C-4001-B345-8EC04E1A7FC5}"
EndProject
Project("{FAE04EC0-301F-11D3-BF4B-00C04F79EFBC}") = "Dictionary.Collection.Tests", "Dictionary\Dictionary.Collection.Tests\Dictionary.Collection.Tests.csproj", "{9D959850-995D-4D7B-BCEE-DDE9C579240F}"
EndProject
Project("{FAE04EC0-301F-11D3-BF4B-00C04F79EFBC}") = "HashSet.Collection", "HashSet\HashSet.Collection\HashSet.Collection.csproj", "{2FD1975C-F5D2-4047-9D74-C003FADB3F30}"
EndProject
Project("{FAE04EC0-301F-11D3-BF4B-00C04F79EFBC}") = "HashSet.Collection.Tests", "HashSet\HashSet.Collection.Tests\HashSet.Collection.Tests.csproj", "{B6CE4B5F-956B-442D-B221-7C4A5D75860F}"
EndProject
Project("{FAE04EC0-301F-11D3-BF4B-00C04F79EFBC}") = "ImmutableQueue.Collection", "ImmutableQueue\ImmutableQueue.Collection\ImmutableQueue.Collection.csproj", "{CF0823CB-9FA7-45D6-AB8B-82FEADC02111}"
EndProject
Project("{FAE04EC0-301F-11D3-BF4B-00C04F79EFBC}") = "ImmutableQueue.Collection.Tests", "ImmutableQueue\ImmutableQueue.Collection.Tests\ImmutableQueue.Collection.Tests.csproj", "{BE128D5D-8762-4964-ABFF-B90939D70A0A}"
EndProject
Project("{FAE04EC0-301F-11D3-BF4B-00C04F79EFBC}") = "LinkedList.Collection", "LinkedList\LinkedList.Collection\LinkedList.Collection.csproj", "{11973A37-22B5-4DF8-A80D-4B089C141538}"
EndProject
Project("{FAE04EC0-301F-11D3-BF4B-00C04F79EFBC}") = "LinkedList.Collection.Tests", "LinkedList\LinkedList.Collection.Tests\LinkedList.Collection.Tests.csproj", "{D097399F-960B-4099-B6CB-F8F794F5F80D}"
EndProject
Project("{FAE04EC0-301F-11D3-BF4B-00C04F79EFBC}") = "ObservableCollection.Tests", "ObservableCollection\ObservableCollection.Tests\ObservableCollection.Tests.csproj", "{0C87DC39-38F4-4088-AFF6-459152124674}"
EndProject
Project("{FAE04EC0-301F-11D3-BF4B-00C04F79EFBC}") = "Queue.Collection", "Queue\Queue.Collection\Queue.Collection.csproj", "{ABE76353-5262-4480-981A-D3360833BD61}"
EndProject
Project("{FAE04EC0-301F-11D3-BF4B-00C04F79EFBC}") = "Queue.Collection.Tests", "Queue\Queue.Collection.Tests\Queue.Collection.Tests.csproj", "{CFCC6142-4AA6-439F-8090-F7F022ACBE3F}"
EndProject
Project("{FAE04EC0-301F-11D3-BF4B-00C04F79EFBC}") = "ReadOnlyDictionary.Tests", "ReadOnlyDictionary\ReadOnlyDictionary.Tests\ReadOnlyDictionary.Tests.csproj", "{EEDBAF82-049A-4AA7-829E-9EE6E7FDBE1E}"
EndProject
Project("{FAE04EC0-301F-11D3-BF4B-00C04F79EFBC}") = "ReadOnlyList.Tests", "ReadOnlyList\ReadOnlyList.Tests\ReadOnlyList.Tests.csproj", "{962B1FDC-DE97-4EF3-B99B-129E86416F04}"
EndProject
Project("{FAE04EC0-301F-11D3-BF4B-00C04F79EFBC}") = "SortedDictionary.Collection", "SortedDictionary\SortedDictionary.Collection\SortedDictionary.Collection.csproj", "{FE8A6CC8-D04E-4D8B-A65D-210431595040}"
EndProject
Project("{FAE04EC0-301F-11D3-BF4B-00C04F79EFBC}") = "SortedDictionary.Collection.Tests", "SortedDictionary\SortedDictionary.Collection.Tests\SortedDictionary.Collection.Tests.csproj", "{C6D996FC-0A2E-4C40-9708-BBE9EA391F8F}"
EndProject
Project("{FAE04EC0-301F-11D3-BF4B-00C04F79EFBC}") = "SortedList.Collection", "SortedList\SortedList.Collection\SortedList.Collection.csproj", "{57B2BC2E-2AEC-49C0-8D15-3ED30F0C48BD}"
EndProject
Project("{FAE04EC0-301F-11D3-BF4B-00C04F79EFBC}") = "SortedList.Collection.Tests", "SortedList\SortedList.Collection.Tests\SortedList.Collection.Tests.csproj", "{96D14E30-4A92-420B-9A29-4392D1DAAE81}"
EndProject
Project("{FAE04EC0-301F-11D3-BF4B-00C04F79EFBC}") = "SortedSet.Collection", "SortedSet\SortedSet.Collection\SortedSet.Collection.csproj", "{6343E91A-A017-445E-A97D-798357910A16}"
EndProject
Project("{FAE04EC0-301F-11D3-BF4B-00C04F79EFBC}") = "SortedSet.Collection.Tests", "SortedSet\SortedSet.Collection.Tests\SortedSet.Collection.Tests.csproj", "{B2E17E1E-45B6-4270-82BD-06A6F49DDF6B}"
EndProject
Project("{FAE04EC0-301F-11D3-BF4B-00C04F79EFBC}") = "Stack.Collection", "Stack\Stack.Collection\Stack.Collection.csproj", "{10C585DB-8642-4302-AF76-3CE8E2921954}"
EndProject
Project("{FAE04EC0-301F-11D3-BF4B-00C04F79EFBC}") = "Stack.Collection.Tests", "Stack\Stack.Collection.Tests\Stack.Collection.Tests.csproj", "{CBC8739C-BB3B-430F-B9C8-6D15A1A28C84}"
EndProject
Project("{2150E333-8FDC-42A3-9474-1A3956D46DE8}") = "Concurrent Collections", "Concurrent Collections", "{EA543D1B-FEE5-4A2F-B7E4-96F27C52525D}"
EndProject
Global
	GlobalSection(SolutionConfigurationPlatforms) = preSolution
		Debug|Any CPU = Debug|Any CPU
		Release|Any CPU = Release|Any CPU
	EndGlobalSection
	GlobalSection(ProjectConfigurationPlatforms) = postSolution
		{C1584E49-1F7A-46E3-A90C-7A16DACA64AE}.Debug|Any CPU.ActiveCfg = Debug|Any CPU
		{C1584E49-1F7A-46E3-A90C-7A16DACA64AE}.Debug|Any CPU.Build.0 = Debug|Any CPU
		{C1584E49-1F7A-46E3-A90C-7A16DACA64AE}.Release|Any CPU.ActiveCfg = Release|Any CPU
		{C1584E49-1F7A-46E3-A90C-7A16DACA64AE}.Release|Any CPU.Build.0 = Release|Any CPU
		{A8F9E671-D318-407E-9E98-22DBDC270F1F}.Debug|Any CPU.ActiveCfg = Debug|Any CPU
		{A8F9E671-D318-407E-9E98-22DBDC270F1F}.Debug|Any CPU.Build.0 = Debug|Any CPU
		{A8F9E671-D318-407E-9E98-22DBDC270F1F}.Release|Any CPU.ActiveCfg = Release|Any CPU
		{A8F9E671-D318-407E-9E98-22DBDC270F1F}.Release|Any CPU.Build.0 = Release|Any CPU
		{7C67BAE9-D27E-406A-A961-1D3C505F73C5}.Debug|Any CPU.ActiveCfg = Debug|Any CPU
		{7C67BAE9-D27E-406A-A961-1D3C505F73C5}.Debug|Any CPU.Build.0 = Debug|Any CPU
		{7C67BAE9-D27E-406A-A961-1D3C505F73C5}.Release|Any CPU.ActiveCfg = Release|Any CPU
		{7C67BAE9-D27E-406A-A961-1D3C505F73C5}.Release|Any CPU.Build.0 = Release|Any CPU
		{1FE15E8E-FD16-499C-84F1-08CAD7063D31}.Debug|Any CPU.ActiveCfg = Debug|Any CPU
		{1FE15E8E-FD16-499C-84F1-08CAD7063D31}.Debug|Any CPU.Build.0 = Debug|Any CPU
		{1FE15E8E-FD16-499C-84F1-08CAD7063D31}.Release|Any CPU.ActiveCfg = Release|Any CPU
		{1FE15E8E-FD16-499C-84F1-08CAD7063D31}.Release|Any CPU.Build.0 = Release|Any CPU
		{B9B257DC-619C-41E3-B7D9-5BEFE1B48781}.Debug|Any CPU.ActiveCfg = Debug|Any CPU
		{B9B257DC-619C-41E3-B7D9-5BEFE1B48781}.Debug|Any CPU.Build.0 = Debug|Any CPU
		{B9B257DC-619C-41E3-B7D9-5BEFE1B48781}.Release|Any CPU.ActiveCfg = Release|Any CPU
		{B9B257DC-619C-41E3-B7D9-5BEFE1B48781}.Release|Any CPU.Build.0 = Release|Any CPU
		{EB9C68B9-DB15-4853-A63B-7B70F62DECFF}.Debug|Any CPU.ActiveCfg = Debug|Any CPU
		{EB9C68B9-DB15-4853-A63B-7B70F62DECFF}.Debug|Any CPU.Build.0 = Debug|Any CPU
		{EB9C68B9-DB15-4853-A63B-7B70F62DECFF}.Release|Any CPU.ActiveCfg = Release|Any CPU
		{EB9C68B9-DB15-4853-A63B-7B70F62DECFF}.Release|Any CPU.Build.0 = Release|Any CPU
		{45DF0501-D98C-4E51-81F8-97DF6EC43038}.Debug|Any CPU.ActiveCfg = Debug|Any CPU
		{45DF0501-D98C-4E51-81F8-97DF6EC43038}.Debug|Any CPU.Build.0 = Debug|Any CPU
		{45DF0501-D98C-4E51-81F8-97DF6EC43038}.Release|Any CPU.ActiveCfg = Release|Any CPU
		{45DF0501-D98C-4E51-81F8-97DF6EC43038}.Release|Any CPU.Build.0 = Release|Any CPU
		{7C0EC118-2BE4-4ED0-91FA-611E8EC14314}.Debug|Any CPU.ActiveCfg = Debug|Any CPU
		{7C0EC118-2BE4-4ED0-91FA-611E8EC14314}.Debug|Any CPU.Build.0 = Debug|Any CPU
		{7C0EC118-2BE4-4ED0-91FA-611E8EC14314}.Release|Any CPU.ActiveCfg = Release|Any CPU
		{7C0EC118-2BE4-4ED0-91FA-611E8EC14314}.Release|Any CPU.Build.0 = Release|Any CPU
		{872289FA-A3CF-484B-A49C-9A10BFEA3CBA}.Debug|Any CPU.ActiveCfg = Debug|Any CPU
		{872289FA-A3CF-484B-A49C-9A10BFEA3CBA}.Debug|Any CPU.Build.0 = Debug|Any CPU
		{872289FA-A3CF-484B-A49C-9A10BFEA3CBA}.Release|Any CPU.ActiveCfg = Release|Any CPU
		{872289FA-A3CF-484B-A49C-9A10BFEA3CBA}.Release|Any CPU.Build.0 = Release|Any CPU
		{26F875DA-50EF-459B-8630-53B63926412D}.Debug|Any CPU.ActiveCfg = Debug|Any CPU
		{26F875DA-50EF-459B-8630-53B63926412D}.Debug|Any CPU.Build.0 = Debug|Any CPU
		{26F875DA-50EF-459B-8630-53B63926412D}.Release|Any CPU.ActiveCfg = Release|Any CPU
		{26F875DA-50EF-459B-8630-53B63926412D}.Release|Any CPU.Build.0 = Release|Any CPU
		{F82F26F6-236E-4ED0-9ECC-26E1DEDF758C}.Debug|Any CPU.ActiveCfg = Debug|Any CPU
		{F82F26F6-236E-4ED0-9ECC-26E1DEDF758C}.Debug|Any CPU.Build.0 = Debug|Any CPU
		{F82F26F6-236E-4ED0-9ECC-26E1DEDF758C}.Release|Any CPU.ActiveCfg = Release|Any CPU
		{F82F26F6-236E-4ED0-9ECC-26E1DEDF758C}.Release|Any CPU.Build.0 = Release|Any CPU
		{7187339B-D6DC-49AD-8DA8-5B2F97F38175}.Debug|Any CPU.ActiveCfg = Debug|Any CPU
		{7187339B-D6DC-49AD-8DA8-5B2F97F38175}.Debug|Any CPU.Build.0 = Debug|Any CPU
		{7187339B-D6DC-49AD-8DA8-5B2F97F38175}.Release|Any CPU.ActiveCfg = Release|Any CPU
		{7187339B-D6DC-49AD-8DA8-5B2F97F38175}.Release|Any CPU.Build.0 = Release|Any CPU
		{3E8C9169-6B89-4684-8C7D-65A50F94BC34}.Debug|Any CPU.ActiveCfg = Debug|Any CPU
		{3E8C9169-6B89-4684-8C7D-65A50F94BC34}.Debug|Any CPU.Build.0 = Debug|Any CPU
		{3E8C9169-6B89-4684-8C7D-65A50F94BC34}.Release|Any CPU.ActiveCfg = Release|Any CPU
		{3E8C9169-6B89-4684-8C7D-65A50F94BC34}.Release|Any CPU.Build.0 = Release|Any CPU
		{3C053D01-0AE1-4AB4-9C74-3D1573782AF0}.Debug|Any CPU.ActiveCfg = Debug|Any CPU
		{3C053D01-0AE1-4AB4-9C74-3D1573782AF0}.Debug|Any CPU.Build.0 = Debug|Any CPU
		{3C053D01-0AE1-4AB4-9C74-3D1573782AF0}.Release|Any CPU.ActiveCfg = Release|Any CPU
		{3C053D01-0AE1-4AB4-9C74-3D1573782AF0}.Release|Any CPU.Build.0 = Release|Any CPU
		{BE1AEF3F-075C-4001-B345-8EC04E1A7FC5}.Debug|Any CPU.ActiveCfg = Debug|Any CPU
		{BE1AEF3F-075C-4001-B345-8EC04E1A7FC5}.Debug|Any CPU.Build.0 = Debug|Any CPU
		{BE1AEF3F-075C-4001-B345-8EC04E1A7FC5}.Release|Any CPU.ActiveCfg = Release|Any CPU
		{BE1AEF3F-075C-4001-B345-8EC04E1A7FC5}.Release|Any CPU.Build.0 = Release|Any CPU
		{9D959850-995D-4D7B-BCEE-DDE9C579240F}.Debug|Any CPU.ActiveCfg = Debug|Any CPU
		{9D959850-995D-4D7B-BCEE-DDE9C579240F}.Debug|Any CPU.Build.0 = Debug|Any CPU
		{9D959850-995D-4D7B-BCEE-DDE9C579240F}.Release|Any CPU.ActiveCfg = Release|Any CPU
		{9D959850-995D-4D7B-BCEE-DDE9C579240F}.Release|Any CPU.Build.0 = Release|Any CPU
		{2FD1975C-F5D2-4047-9D74-C003FADB3F30}.Debug|Any CPU.ActiveCfg = Debug|Any CPU
		{2FD1975C-F5D2-4047-9D74-C003FADB3F30}.Debug|Any CPU.Build.0 = Debug|Any CPU
		{2FD1975C-F5D2-4047-9D74-C003FADB3F30}.Release|Any CPU.ActiveCfg = Release|Any CPU
		{2FD1975C-F5D2-4047-9D74-C003FADB3F30}.Release|Any CPU.Build.0 = Release|Any CPU
		{B6CE4B5F-956B-442D-B221-7C4A5D75860F}.Debug|Any CPU.ActiveCfg = Debug|Any CPU
		{B6CE4B5F-956B-442D-B221-7C4A5D75860F}.Debug|Any CPU.Build.0 = Debug|Any CPU
		{B6CE4B5F-956B-442D-B221-7C4A5D75860F}.Release|Any CPU.ActiveCfg = Release|Any CPU
		{B6CE4B5F-956B-442D-B221-7C4A5D75860F}.Release|Any CPU.Build.0 = Release|Any CPU
		{CF0823CB-9FA7-45D6-AB8B-82FEADC02111}.Debug|Any CPU.ActiveCfg = Debug|Any CPU
		{CF0823CB-9FA7-45D6-AB8B-82FEADC02111}.Debug|Any CPU.Build.0 = Debug|Any CPU
		{CF0823CB-9FA7-45D6-AB8B-82FEADC02111}.Release|Any CPU.ActiveCfg = Release|Any CPU
		{CF0823CB-9FA7-45D6-AB8B-82FEADC02111}.Release|Any CPU.Build.0 = Release|Any CPU
		{BE128D5D-8762-4964-ABFF-B90939D70A0A}.Debug|Any CPU.ActiveCfg = Debug|Any CPU
		{BE128D5D-8762-4964-ABFF-B90939D70A0A}.Debug|Any CPU.Build.0 = Debug|Any CPU
		{BE128D5D-8762-4964-ABFF-B90939D70A0A}.Release|Any CPU.ActiveCfg = Release|Any CPU
		{BE128D5D-8762-4964-ABFF-B90939D70A0A}.Release|Any CPU.Build.0 = Release|Any CPU
		{11973A37-22B5-4DF8-A80D-4B089C141538}.Debug|Any CPU.ActiveCfg = Debug|Any CPU
		{11973A37-22B5-4DF8-A80D-4B089C141538}.Debug|Any CPU.Build.0 = Debug|Any CPU
		{11973A37-22B5-4DF8-A80D-4B089C141538}.Release|Any CPU.ActiveCfg = Release|Any CPU
		{11973A37-22B5-4DF8-A80D-4B089C141538}.Release|Any CPU.Build.0 = Release|Any CPU
		{D097399F-960B-4099-B6CB-F8F794F5F80D}.Debug|Any CPU.ActiveCfg = Debug|Any CPU
		{D097399F-960B-4099-B6CB-F8F794F5F80D}.Debug|Any CPU.Build.0 = Debug|Any CPU
		{D097399F-960B-4099-B6CB-F8F794F5F80D}.Release|Any CPU.ActiveCfg = Release|Any CPU
		{D097399F-960B-4099-B6CB-F8F794F5F80D}.Release|Any CPU.Build.0 = Release|Any CPU
		{0C87DC39-38F4-4088-AFF6-459152124674}.Debug|Any CPU.ActiveCfg = Debug|Any CPU
		{0C87DC39-38F4-4088-AFF6-459152124674}.Debug|Any CPU.Build.0 = Debug|Any CPU
		{0C87DC39-38F4-4088-AFF6-459152124674}.Release|Any CPU.ActiveCfg = Release|Any CPU
		{0C87DC39-38F4-4088-AFF6-459152124674}.Release|Any CPU.Build.0 = Release|Any CPU
		{ABE76353-5262-4480-981A-D3360833BD61}.Debug|Any CPU.ActiveCfg = Debug|Any CPU
		{ABE76353-5262-4480-981A-D3360833BD61}.Debug|Any CPU.Build.0 = Debug|Any CPU
		{ABE76353-5262-4480-981A-D3360833BD61}.Release|Any CPU.ActiveCfg = Release|Any CPU
		{ABE76353-5262-4480-981A-D3360833BD61}.Release|Any CPU.Build.0 = Release|Any CPU
		{CFCC6142-4AA6-439F-8090-F7F022ACBE3F}.Debug|Any CPU.ActiveCfg = Debug|Any CPU
		{CFCC6142-4AA6-439F-8090-F7F022ACBE3F}.Debug|Any CPU.Build.0 = Debug|Any CPU
		{CFCC6142-4AA6-439F-8090-F7F022ACBE3F}.Release|Any CPU.ActiveCfg = Release|Any CPU
		{CFCC6142-4AA6-439F-8090-F7F022ACBE3F}.Release|Any CPU.Build.0 = Release|Any CPU
		{EEDBAF82-049A-4AA7-829E-9EE6E7FDBE1E}.Debug|Any CPU.ActiveCfg = Debug|Any CPU
		{EEDBAF82-049A-4AA7-829E-9EE6E7FDBE1E}.Debug|Any CPU.Build.0 = Debug|Any CPU
		{EEDBAF82-049A-4AA7-829E-9EE6E7FDBE1E}.Release|Any CPU.ActiveCfg = Release|Any CPU
		{EEDBAF82-049A-4AA7-829E-9EE6E7FDBE1E}.Release|Any CPU.Build.0 = Release|Any CPU
		{962B1FDC-DE97-4EF3-B99B-129E86416F04}.Debug|Any CPU.ActiveCfg = Debug|Any CPU
		{962B1FDC-DE97-4EF3-B99B-129E86416F04}.Debug|Any CPU.Build.0 = Debug|Any CPU
		{962B1FDC-DE97-4EF3-B99B-129E86416F04}.Release|Any CPU.ActiveCfg = Release|Any CPU
		{962B1FDC-DE97-4EF3-B99B-129E86416F04}.Release|Any CPU.Build.0 = Release|Any CPU
		{FE8A6CC8-D04E-4D8B-A65D-210431595040}.Debug|Any CPU.ActiveCfg = Debug|Any CPU
		{FE8A6CC8-D04E-4D8B-A65D-210431595040}.Debug|Any CPU.Build.0 = Debug|Any CPU
		{FE8A6CC8-D04E-4D8B-A65D-210431595040}.Release|Any CPU.ActiveCfg = Release|Any CPU
		{FE8A6CC8-D04E-4D8B-A65D-210431595040}.Release|Any CPU.Build.0 = Release|Any CPU
		{C6D996FC-0A2E-4C40-9708-BBE9EA391F8F}.Debug|Any CPU.ActiveCfg = Debug|Any CPU
		{C6D996FC-0A2E-4C40-9708-BBE9EA391F8F}.Debug|Any CPU.Build.0 = Debug|Any CPU
		{C6D996FC-0A2E-4C40-9708-BBE9EA391F8F}.Release|Any CPU.ActiveCfg = Release|Any CPU
		{C6D996FC-0A2E-4C40-9708-BBE9EA391F8F}.Release|Any CPU.Build.0 = Release|Any CPU
		{57B2BC2E-2AEC-49C0-8D15-3ED30F0C48BD}.Debug|Any CPU.ActiveCfg = Debug|Any CPU
		{57B2BC2E-2AEC-49C0-8D15-3ED30F0C48BD}.Debug|Any CPU.Build.0 = Debug|Any CPU
		{57B2BC2E-2AEC-49C0-8D15-3ED30F0C48BD}.Release|Any CPU.ActiveCfg = Release|Any CPU
		{57B2BC2E-2AEC-49C0-8D15-3ED30F0C48BD}.Release|Any CPU.Build.0 = Release|Any CPU
		{96D14E30-4A92-420B-9A29-4392D1DAAE81}.Debug|Any CPU.ActiveCfg = Debug|Any CPU
		{96D14E30-4A92-420B-9A29-4392D1DAAE81}.Debug|Any CPU.Build.0 = Debug|Any CPU
		{96D14E30-4A92-420B-9A29-4392D1DAAE81}.Release|Any CPU.ActiveCfg = Release|Any CPU
		{96D14E30-4A92-420B-9A29-4392D1DAAE81}.Release|Any CPU.Build.0 = Release|Any CPU
		{6343E91A-A017-445E-A97D-798357910A16}.Debug|Any CPU.ActiveCfg = Debug|Any CPU
		{6343E91A-A017-445E-A97D-798357910A16}.Debug|Any CPU.Build.0 = Debug|Any CPU
		{6343E91A-A017-445E-A97D-798357910A16}.Release|Any CPU.ActiveCfg = Release|Any CPU
		{6343E91A-A017-445E-A97D-798357910A16}.Release|Any CPU.Build.0 = Release|Any CPU
		{B2E17E1E-45B6-4270-82BD-06A6F49DDF6B}.Debug|Any CPU.ActiveCfg = Debug|Any CPU
		{B2E17E1E-45B6-4270-82BD-06A6F49DDF6B}.Debug|Any CPU.Build.0 = Debug|Any CPU
		{B2E17E1E-45B6-4270-82BD-06A6F49DDF6B}.Release|Any CPU.ActiveCfg = Release|Any CPU
		{B2E17E1E-45B6-4270-82BD-06A6F49DDF6B}.Release|Any CPU.Build.0 = Release|Any CPU
		{10C585DB-8642-4302-AF76-3CE8E2921954}.Debug|Any CPU.ActiveCfg = Debug|Any CPU
		{10C585DB-8642-4302-AF76-3CE8E2921954}.Debug|Any CPU.Build.0 = Debug|Any CPU
		{10C585DB-8642-4302-AF76-3CE8E2921954}.Release|Any CPU.ActiveCfg = Release|Any CPU
		{10C585DB-8642-4302-AF76-3CE8E2921954}.Release|Any CPU.Build.0 = Release|Any CPU
		{CBC8739C-BB3B-430F-B9C8-6D15A1A28C84}.Debug|Any CPU.ActiveCfg = Debug|Any CPU
		{CBC8739C-BB3B-430F-B9C8-6D15A1A28C84}.Debug|Any CPU.Build.0 = Debug|Any CPU
		{CBC8739C-BB3B-430F-B9C8-6D15A1A28C84}.Release|Any CPU.ActiveCfg = Release|Any CPU
		{CBC8739C-BB3B-430F-B9C8-6D15A1A28C84}.Release|Any CPU.Build.0 = Release|Any CPU
	EndGlobalSection
	GlobalSection(SolutionProperties) = preSolution
		HideSolutionNode = FALSE
	EndGlobalSection
	GlobalSection(NestedProjects) = preSolution
		{C1584E49-1F7A-46E3-A90C-7A16DACA64AE} = {9C35A07E-CAAD-40BB-A699-8D452B2F3131}
		{A8F9E671-D318-407E-9E98-22DBDC270F1F} = {9C35A07E-CAAD-40BB-A699-8D452B2F3131}
		{7C67BAE9-D27E-406A-A961-1D3C505F73C5} = {9C35A07E-CAAD-40BB-A699-8D452B2F3131}
		{1FE15E8E-FD16-499C-84F1-08CAD7063D31} = {16821E85-6EAC-4209-8DA7-A5E710D04499}
		{B9B257DC-619C-41E3-B7D9-5BEFE1B48781} = {16821E85-6EAC-4209-8DA7-A5E710D04499}
		{EB9C68B9-DB15-4853-A63B-7B70F62DECFF} = {EA543D1B-FEE5-4A2F-B7E4-96F27C52525D}
		{45DF0501-D98C-4E51-81F8-97DF6EC43038} = {EA543D1B-FEE5-4A2F-B7E4-96F27C52525D}
		{7C0EC118-2BE4-4ED0-91FA-611E8EC14314} = {EA543D1B-FEE5-4A2F-B7E4-96F27C52525D}
		{872289FA-A3CF-484B-A49C-9A10BFEA3CBA} = {EA543D1B-FEE5-4A2F-B7E4-96F27C52525D}
		{26F875DA-50EF-459B-8630-53B63926412D} = {EA543D1B-FEE5-4A2F-B7E4-96F27C52525D}
		{F82F26F6-236E-4ED0-9ECC-26E1DEDF758C} = {EA543D1B-FEE5-4A2F-B7E4-96F27C52525D}
		{7187339B-D6DC-49AD-8DA8-5B2F97F38175} = {EA543D1B-FEE5-4A2F-B7E4-96F27C52525D}
		{3E8C9169-6B89-4684-8C7D-65A50F94BC34} = {EA543D1B-FEE5-4A2F-B7E4-96F27C52525D}
		{3C053D01-0AE1-4AB4-9C74-3D1573782AF0} = {EA543D1B-FEE5-4A2F-B7E4-96F27C52525D}
		{BE1AEF3F-075C-4001-B345-8EC04E1A7FC5} = {16821E85-6EAC-4209-8DA7-A5E710D04499}
		{9D959850-995D-4D7B-BCEE-DDE9C579240F} = {16821E85-6EAC-4209-8DA7-A5E710D04499}
		{2FD1975C-F5D2-4047-9D74-C003FADB3F30} = {16821E85-6EAC-4209-8DA7-A5E710D04499}
		{B6CE4B5F-956B-442D-B221-7C4A5D75860F} = {16821E85-6EAC-4209-8DA7-A5E710D04499}
		{CF0823CB-9FA7-45D6-AB8B-82FEADC02111} = {16821E85-6EAC-4209-8DA7-A5E710D04499}
		{BE128D5D-8762-4964-ABFF-B90939D70A0A} = {16821E85-6EAC-4209-8DA7-A5E710D04499}
		{11973A37-22B5-4DF8-A80D-4B089C141538} = {16821E85-6EAC-4209-8DA7-A5E710D04499}
		{D097399F-960B-4099-B6CB-F8F794F5F80D} = {16821E85-6EAC-4209-8DA7-A5E710D04499}
		{0C87DC39-38F4-4088-AFF6-459152124674} = {16821E85-6EAC-4209-8DA7-A5E710D04499}
		{ABE76353-5262-4480-981A-D3360833BD61} = {16821E85-6EAC-4209-8DA7-A5E710D04499}
		{CFCC6142-4AA6-439F-8090-F7F022ACBE3F} = {16821E85-6EAC-4209-8DA7-A5E710D04499}
		{EEDBAF82-049A-4AA7-829E-9EE6E7FDBE1E} = {16821E85-6EAC-4209-8DA7-A5E710D04499}
		{962B1FDC-DE97-4EF3-B99B-129E86416F04} = {16821E85-6EAC-4209-8DA7-A5E710D04499}
		{FE8A6CC8-D04E-4D8B-A65D-210431595040} = {16821E85-6EAC-4209-8DA7-A5E710D04499}
		{C6D996FC-0A2E-4C40-9708-BBE9EA391F8F} = {16821E85-6EAC-4209-8DA7-A5E710D04499}
		{57B2BC2E-2AEC-49C0-8D15-3ED30F0C48BD} = {16821E85-6EAC-4209-8DA7-A5E710D04499}
		{96D14E30-4A92-420B-9A29-4392D1DAAE81} = {16821E85-6EAC-4209-8DA7-A5E710D04499}
		{6343E91A-A017-445E-A97D-798357910A16} = {16821E85-6EAC-4209-8DA7-A5E710D04499}
		{B2E17E1E-45B6-4270-82BD-06A6F49DDF6B} = {16821E85-6EAC-4209-8DA7-A5E710D04499}
		{10C585DB-8642-4302-AF76-3CE8E2921954} = {16821E85-6EAC-4209-8DA7-A5E710D04499}
		{CBC8739C-BB3B-430F-B9C8-6D15A1A28C84} = {16821E85-6EAC-4209-8DA7-A5E710D04499}
		{EA543D1B-FEE5-4A2F-B7E4-96F27C52525D} = {16821E85-6EAC-4209-8DA7-A5E710D04499}
	EndGlobalSection
	GlobalSection(ExtensibilityGlobals) = postSolution
		SolutionGuid = {EB4AB270-AC66-4B12-9E80-7D1CCA5ECAC3}
	EndGlobalSection
EndGlobal
